
Microsoft Visual Studio Solution File, Format Version 12.00
# Visual Studio Version 17
VisualStudioVersion = 17.0.32014.148
MinimumVisualStudioVersion = 10.0.40219.1
Project("{9A19103F-16F7-4668-BE54-9A1E7A4F7556}") = "ContactAppCore", "ContactAppCore\ContactAppCore.csproj", "{BA64E216-8043-4193-B7AC-AC11940DCA94}"
EndProject
Project("{2150E333-8FDC-42A3-9474-1A3956D46DE8}") = "Solution Items", "Solution Items", "{FCE7B97C-9A27-4DF8-9E49-F9763B836691}"
	ProjectSection(SolutionItems) = preProject
		CODEOWNERS = CODEOWNERS
		README.md = README.md
	EndProjectSection
EndProject
Global
	GlobalSection(SolutionConfigurationPlatforms) = preSolution
		Debug|Any CPU = Debug|Any CPU
		Release|Any CPU = Release|Any CPU
	EndGlobalSection
	GlobalSection(ProjectConfigurationPlatforms) = postSolution
		{BA64E216-8043-4193-B7AC-AC11940DCA94}.Debug|Any CPU.ActiveCfg = Debug|Any CPU
		{BA64E216-8043-4193-B7AC-AC11940DCA94}.Debug|Any CPU.Build.0 = Debug|Any CPU
		{BA64E216-8043-4193-B7AC-AC11940DCA94}.Release|Any CPU.ActiveCfg = Release|Any CPU
		{BA64E216-8043-4193-B7AC-AC11940DCA94}.Release|Any CPU.Build.0 = Release|Any CPU
	EndGlobalSection
	GlobalSection(SolutionProperties) = preSolution
		HideSolutionNode = FALSE
	EndGlobalSection
	GlobalSection(ExtensibilityGlobals) = postSolution
		SolutionGuid = {7BCDBB6F-EAA0-4251-83F1-5E12A96907B1}
	EndGlobalSection
EndGlobal
